
Microsoft Visual Studio Solution File, Format Version 12.00
# Visual Studio Version 16
VisualStudioVersion = 16.0.30406.217
MinimumVisualStudioVersion = 10.0.40219.1
Project("{FAE04EC0-301F-11D3-BF4B-00C04F79EFBC}") = "BlogSystem.Api", "BlogSystem.Api\BlogSystem.Api.csproj", "{1F2EAC68-2EE0-4FF4-8AF2-AC53188FE1EA}"
EndProject
Project("{FAE04EC0-301F-11D3-BF4B-00C04F79EFBC}") = "BlogSystem.Models", "BlogSystem.Models\BlogSystem.Models.csproj", "{E5772130-A308-4137-B8B3-3EA592C1133D}"
EndProject
Global
	GlobalSection(SolutionConfigurationPlatforms) = preSolution
		Debug|Any CPU = Debug|Any CPU
		Release|Any CPU = Release|Any CPU
	EndGlobalSection
	GlobalSection(ProjectConfigurationPlatforms) = postSolution
		{1F2EAC68-2EE0-4FF4-8AF2-AC53188FE1EA}.Debug|Any CPU.ActiveCfg = Debug|Any CPU
		{1F2EAC68-2EE0-4FF4-8AF2-AC53188FE1EA}.Debug|Any CPU.Build.0 = Debug|Any CPU
		{1F2EAC68-2EE0-4FF4-8AF2-AC53188FE1EA}.Release|Any CPU.ActiveCfg = Release|Any CPU
		{1F2EAC68-2EE0-4FF4-8AF2-AC53188FE1EA}.Release|Any CPU.Build.0 = Release|Any CPU
		{E5772130-A308-4137-B8B3-3EA592C1133D}.Debug|Any CPU.ActiveCfg = Debug|Any CPU
		{E5772130-A308-4137-B8B3-3EA592C1133D}.Debug|Any CPU.Build.0 = Debug|Any CPU
		{E5772130-A308-4137-B8B3-3EA592C1133D}.Release|Any CPU.ActiveCfg = Release|Any CPU
		{E5772130-A308-4137-B8B3-3EA592C1133D}.Release|Any CPU.Build.0 = Release|Any CPU
	EndGlobalSection
	GlobalSection(SolutionProperties) = preSolution
		HideSolutionNode = FALSE
	EndGlobalSection
	GlobalSection(ExtensibilityGlobals) = postSolution
		SolutionGuid = {7C780AD0-1FE3-4E90-BB45-A2E72B4323F2}
	EndGlobalSection
EndGlobal
